// !$*UTF8*$!
{
	archiveVersion = 1;
	classes = {
	};
	objectVersion = 46;
	objects = {

/* Begin PBXBuildFile section */
		4A51720A1C2C402C00F8C818 /* OpacityViewController.swift in Sources */ = {isa = PBXBuildFile; fileRef = 4A5172091C2C402C00F8C818 /* OpacityViewController.swift */; };
		4A7616EB1C2D28A7001F7C86 /* ScaleViewController.swift in Sources */ = {isa = PBXBuildFile; fileRef = 4A7616EA1C2D28A7001F7C86 /* ScaleViewController.swift */; };
		4A7616ED1C2D2C89001F7C86 /* ColorViewController.swift in Sources */ = {isa = PBXBuildFile; fileRef = 4A7616EC1C2D2C89001F7C86 /* ColorViewController.swift */; };
		4A7616EF1C2D2E42001F7C86 /* RotationViewController.swift in Sources */ = {isa = PBXBuildFile; fileRef = 4A7616EE1C2D2E42001F7C86 /* RotationViewController.swift */; };
		4AC3D6501C2D4226005921FD /* RepeatViewController.swift in Sources */ = {isa = PBXBuildFile; fileRef = 4AC3D64F1C2D4226005921FD /* RepeatViewController.swift */; };
		4AC3D6521C2D616E005921FD /* EasingViewController.swift in Sources */ = {isa = PBXBuildFile; fileRef = 4AC3D6511C2D616E005921FD /* EasingViewController.swift */; };
		4AC3D6541C2D670E005921FD /* SpringViewController.swift in Sources */ = {isa = PBXBuildFile; fileRef = 4AC3D6531C2D670E005921FD /* SpringViewController.swift */; };
		4ADE5D091C2ABD0A002B5D84 /* AppDelegate.swift in Sources */ = {isa = PBXBuildFile; fileRef = 4ADE5D081C2ABD0A002B5D84 /* AppDelegate.swift */; };
		4ADE5D0B1C2ABD0A002B5D84 /* ViewController.swift in Sources */ = {isa = PBXBuildFile; fileRef = 4ADE5D0A1C2ABD0A002B5D84 /* ViewController.swift */; };
		4ADE5D0E1C2ABD0A002B5D84 /* Main.storyboard in Resources */ = {isa = PBXBuildFile; fileRef = 4ADE5D0C1C2ABD0A002B5D84 /* Main.storyboard */; };
		4ADE5D101C2ABD0A002B5D84 /* Assets.xcassets in Resources */ = {isa = PBXBuildFile; fileRef = 4ADE5D0F1C2ABD0A002B5D84 /* Assets.xcassets */; };
		4ADE5D131C2ABD0A002B5D84 /* LaunchScreen.storyboard in Resources */ = {isa = PBXBuildFile; fileRef = 4ADE5D111C2ABD0A002B5D84 /* LaunchScreen.storyboard */; };
		4ADE5D1E1C2ABD0B002B5D84 /* XMYAnimationSimpleTests.swift in Sources */ = {isa = PBXBuildFile; fileRef = 4ADE5D1D1C2ABD0B002B5D84 /* XMYAnimationSimpleTests.swift */; };
		4ADE5D291C2ABD0B002B5D84 /* XMYAnimationSimpleUITests.swift in Sources */ = {isa = PBXBuildFile; fileRef = 4ADE5D281C2ABD0B002B5D84 /* XMYAnimationSimpleUITests.swift */; };
		4ADE5D371C2ABEAD002B5D84 /* PositionViewController.swift in Sources */ = {isa = PBXBuildFile; fileRef = 4ADE5D361C2ABEAD002B5D84 /* PositionViewController.swift */; };
		4AE2A1481C2E2A9F007A26A2 /* LoginViewController.swift in Sources */ = {isa = PBXBuildFile; fileRef = 4AE2A1471C2E2A9F007A26A2 /* LoginViewController.swift */; };
/* End PBXBuildFile section */

/* Begin PBXContainerItemProxy section */
		4ADE5D1A1C2ABD0A002B5D84 /* PBXContainerItemProxy */ = {
			isa = PBXContainerItemProxy;
			containerPortal = 4ADE5CFD1C2ABD0A002B5D84 /* Project object */;
			proxyType = 1;
			remoteGlobalIDString = 4ADE5D041C2ABD0A002B5D84;
			remoteInfo = XMYAnimationSimple;
		};
		4ADE5D251C2ABD0B002B5D84 /* PBXContainerItemProxy */ = {
			isa = PBXContainerItemProxy;
			containerPortal = 4ADE5CFD1C2ABD0A002B5D84 /* Project object */;
			proxyType = 1;
			remoteGlobalIDString = 4ADE5D041C2ABD0A002B5D84;
			remoteInfo = XMYAnimationSimple;
		};
/* End PBXContainerItemProxy section */

/* Begin PBXFileReference section */
		4A5172091C2C402C00F8C818 /* OpacityViewController.swift */ = {isa = PBXFileReference; fileEncoding = 4; lastKnownFileType = sourcecode.swift; path = OpacityViewController.swift; sourceTree = "<group>"; };
		4A7616EA1C2D28A7001F7C86 /* ScaleViewController.swift */ = {isa = PBXFileReference; fileEncoding = 4; lastKnownFileType = sourcecode.swift; path = ScaleViewController.swift; sourceTree = "<group>"; };
		4A7616EC1C2D2C89001F7C86 /* ColorViewController.swift */ = {isa = PBXFileReference; fileEncoding = 4; lastKnownFileType = sourcecode.swift; path = ColorViewController.swift; sourceTree = "<group>"; };
		4A7616EE1C2D2E42001F7C86 /* RotationViewController.swift */ = {isa = PBXFileReference; fileEncoding = 4; lastKnownFileType = sourcecode.swift; path = RotationViewController.swift; sourceTree = "<group>"; };
		4AC3D64F1C2D4226005921FD /* RepeatViewController.swift */ = {isa = PBXFileReference; fileEncoding = 4; lastKnownFileType = sourcecode.swift; path = RepeatViewController.swift; sourceTree = "<group>"; };
		4AC3D6511C2D616E005921FD /* EasingViewController.swift */ = {isa = PBXFileReference; fileEncoding = 4; lastKnownFileType = sourcecode.swift; path = EasingViewController.swift; sourceTree = "<group>"; };
		4AC3D6531C2D670E005921FD /* SpringViewController.swift */ = {isa = PBXFileReference; fileEncoding = 4; lastKnownFileType = sourcecode.swift; path = SpringViewController.swift; sourceTree = "<group>"; };
		4ADE5D051C2ABD0A002B5D84 /* XMYAnimationSimple.app */ = {isa = PBXFileReference; explicitFileType = wrapper.application; includeInIndex = 0; path = XMYAnimationSimple.app; sourceTree = BUILT_PRODUCTS_DIR; };
		4ADE5D081C2ABD0A002B5D84 /* AppDelegate.swift */ = {isa = PBXFileReference; lastKnownFileType = sourcecode.swift; path = AppDelegate.swift; sourceTree = "<group>"; };
		4ADE5D0A1C2ABD0A002B5D84 /* ViewController.swift */ = {isa = PBXFileReference; lastKnownFileType = sourcecode.swift; path = ViewController.swift; sourceTree = "<group>"; };
		4ADE5D0D1C2ABD0A002B5D84 /* Base */ = {isa = PBXFileReference; lastKnownFileType = file.storyboard; name = Base; path = Base.lproj/Main.storyboard; sourceTree = "<group>"; };
		4ADE5D0F1C2ABD0A002B5D84 /* Assets.xcassets */ = {isa = PBXFileReference; lastKnownFileType = folder.assetcatalog; path = Assets.xcassets; sourceTree = "<group>"; };
		4ADE5D121C2ABD0A002B5D84 /* Base */ = {isa = PBXFileReference; lastKnownFileType = file.storyboard; name = Base; path = Base.lproj/LaunchScreen.storyboard; sourceTree = "<group>"; };
		4ADE5D141C2ABD0A002B5D84 /* Info.plist */ = {isa = PBXFileReference; lastKnownFileType = text.plist.xml; path = Info.plist; sourceTree = "<group>"; };
		4ADE5D191C2ABD0A002B5D84 /* XMYAnimationSimpleTests.xctest */ = {isa = PBXFileReference; explicitFileType = wrapper.cfbundle; includeInIndex = 0; path = XMYAnimationSimpleTests.xctest; sourceTree = BUILT_PRODUCTS_DIR; };
		4ADE5D1D1C2ABD0B002B5D84 /* XMYAnimationSimpleTests.swift */ = {isa = PBXFileReference; lastKnownFileType = sourcecode.swift; path = XMYAnimationSimpleTests.swift; sourceTree = "<group>"; };
		4ADE5D1F1C2ABD0B002B5D84 /* Info.plist */ = {isa = PBXFileReference; lastKnownFileType = text.plist.xml; path = Info.plist; sourceTree = "<group>"; };
		4ADE5D241C2ABD0B002B5D84 /* XMYAnimationSimpleUITests.xctest */ = {isa = PBXFileReference; explicitFileType = wrapper.cfbundle; includeInIndex = 0; path = XMYAnimationSimpleUITests.xctest; sourceTree = BUILT_PRODUCTS_DIR; };
		4ADE5D281C2ABD0B002B5D84 /* XMYAnimationSimpleUITests.swift */ = {isa = PBXFileReference; lastKnownFileType = sourcecode.swift; path = XMYAnimationSimpleUITests.swift; sourceTree = "<group>"; };
		4ADE5D2A1C2ABD0B002B5D84 /* Info.plist */ = {isa = PBXFileReference; lastKnownFileType = text.plist.xml; path = Info.plist; sourceTree = "<group>"; };
		4ADE5D361C2ABEAD002B5D84 /* PositionViewController.swift */ = {isa = PBXFileReference; fileEncoding = 4; lastKnownFileType = sourcecode.swift; path = PositionViewController.swift; sourceTree = "<group>"; };
		4AE2A1471C2E2A9F007A26A2 /* LoginViewController.swift */ = {isa = PBXFileReference; fileEncoding = 4; lastKnownFileType = sourcecode.swift; path = LoginViewController.swift; sourceTree = "<group>"; };
/* End PBXFileReference section */

/* Begin PBXFrameworksBuildPhase section */
		4ADE5D021C2ABD0A002B5D84 /* Frameworks */ = {
			isa = PBXFrameworksBuildPhase;
			buildActionMask = 2147483647;
			files = (
			);
			runOnlyForDeploymentPostprocessing = 0;
		};
		4ADE5D161C2ABD0A002B5D84 /* Frameworks */ = {
			isa = PBXFrameworksBuildPhase;
			buildActionMask = 2147483647;
			files = (
			);
			runOnlyForDeploymentPostprocessing = 0;
		};
		4ADE5D211C2ABD0B002B5D84 /* Frameworks */ = {
			isa = PBXFrameworksBuildPhase;
			buildActionMask = 2147483647;
			files = (
			);
			runOnlyForDeploymentPostprocessing = 0;
		};
/* End PBXFrameworksBuildPhase section */

/* Begin PBXGroup section */
		4ADE5CFC1C2ABD0A002B5D84 = {
			isa = PBXGroup;
			children = (
				4ADE5D071C2ABD0A002B5D84 /* XMYAnimationSimple */,
				4ADE5D1C1C2ABD0A002B5D84 /* XMYAnimationSimpleTests */,
				4ADE5D271C2ABD0B002B5D84 /* XMYAnimationSimpleUITests */,
				4ADE5D061C2ABD0A002B5D84 /* Products */,
			);
			sourceTree = "<group>";
		};
		4ADE5D061C2ABD0A002B5D84 /* Products */ = {
			isa = PBXGroup;
			children = (
				4ADE5D051C2ABD0A002B5D84 /* XMYAnimationSimple.app */,
				4ADE5D191C2ABD0A002B5D84 /* XMYAnimationSimpleTests.xctest */,
				4ADE5D241C2ABD0B002B5D84 /* XMYAnimationSimpleUITests.xctest */,
			);
			name = Products;
			sourceTree = "<group>";
		};
		4ADE5D071C2ABD0A002B5D84 /* XMYAnimationSimple */ = {
			isa = PBXGroup;
			children = (
				4ADE5D081C2ABD0A002B5D84 /* AppDelegate.swift */,
				4ADE5D0A1C2ABD0A002B5D84 /* ViewController.swift */,
				4ADE5D0C1C2ABD0A002B5D84 /* Main.storyboard */,
				4ADE5D0F1C2ABD0A002B5D84 /* Assets.xcassets */,
				4ADE5D111C2ABD0A002B5D84 /* LaunchScreen.storyboard */,
				4ADE5D141C2ABD0A002B5D84 /* Info.plist */,
				4ADE5D361C2ABEAD002B5D84 /* PositionViewController.swift */,
				4A5172091C2C402C00F8C818 /* OpacityViewController.swift */,
				4A7616EA1C2D28A7001F7C86 /* ScaleViewController.swift */,
				4A7616EC1C2D2C89001F7C86 /* ColorViewController.swift */,
				4A7616EE1C2D2E42001F7C86 /* RotationViewController.swift */,
				4AC3D64F1C2D4226005921FD /* RepeatViewController.swift */,
				4AC3D6511C2D616E005921FD /* EasingViewController.swift */,
				4AC3D6531C2D670E005921FD /* SpringViewController.swift */,
				4AE2A1471C2E2A9F007A26A2 /* LoginViewController.swift */,
			);
			path = XMYAnimationSimple;
			sourceTree = "<group>";
		};
		4ADE5D1C1C2ABD0A002B5D84 /* XMYAnimationSimpleTests */ = {
			isa = PBXGroup;
			children = (
				4ADE5D1D1C2ABD0B002B5D84 /* XMYAnimationSimpleTests.swift */,
				4ADE5D1F1C2ABD0B002B5D84 /* Info.plist */,
			);
			path = XMYAnimationSimpleTests;
			sourceTree = "<group>";
		};
		4ADE5D271C2ABD0B002B5D84 /* XMYAnimationSimpleUITests */ = {
			isa = PBXGroup;
			children = (
				4ADE5D281C2ABD0B002B5D84 /* XMYAnimationSimpleUITests.swift */,
				4ADE5D2A1C2ABD0B002B5D84 /* Info.plist */,
			);
			path = XMYAnimationSimpleUITests;
			sourceTree = "<group>";
		};
/* End PBXGroup section */

/* Begin PBXNativeTarget section */
		4ADE5D041C2ABD0A002B5D84 /* XMYAnimationSimple */ = {
			isa = PBXNativeTarget;
			buildConfigurationList = 4ADE5D2D1C2ABD0B002B5D84 /* Build configuration list for PBXNativeTarget "XMYAnimationSimple" */;
			buildPhases = (
				4ADE5D011C2ABD0A002B5D84 /* Sources */,
				4ADE5D021C2ABD0A002B5D84 /* Frameworks */,
				4ADE5D031C2ABD0A002B5D84 /* Resources */,
			);
			buildRules = (
			);
			dependencies = (
			);
			name = XMYAnimationSimple;
			productName = XMYAnimationSimple;
			productReference = 4ADE5D051C2ABD0A002B5D84 /* XMYAnimationSimple.app */;
			productType = "com.apple.product-type.application";
		};
		4ADE5D181C2ABD0A002B5D84 /* XMYAnimationSimpleTests */ = {
			isa = PBXNativeTarget;
			buildConfigurationList = 4ADE5D301C2ABD0B002B5D84 /* Build configuration list for PBXNativeTarget "XMYAnimationSimpleTests" */;
			buildPhases = (
				4ADE5D151C2ABD0A002B5D84 /* Sources */,
				4ADE5D161C2ABD0A002B5D84 /* Frameworks */,
				4ADE5D171C2ABD0A002B5D84 /* Resources */,
			);
			buildRules = (
			);
			dependencies = (
				4ADE5D1B1C2ABD0A002B5D84 /* PBXTargetDependency */,
			);
			name = XMYAnimationSimpleTests;
			productName = XMYAnimationSimpleTests;
			productReference = 4ADE5D191C2ABD0A002B5D84 /* XMYAnimationSimpleTests.xctest */;
			productType = "com.apple.product-type.bundle.unit-test";
		};
		4ADE5D231C2ABD0B002B5D84 /* XMYAnimationSimpleUITests */ = {
			isa = PBXNativeTarget;
			buildConfigurationList = 4ADE5D331C2ABD0B002B5D84 /* Build configuration list for PBXNativeTarget "XMYAnimationSimpleUITests" */;
			buildPhases = (
				4ADE5D201C2ABD0B002B5D84 /* Sources */,
				4ADE5D211C2ABD0B002B5D84 /* Frameworks */,
				4ADE5D221C2ABD0B002B5D84 /* Resources */,
			);
			buildRules = (
			);
			dependencies = (
				4ADE5D261C2ABD0B002B5D84 /* PBXTargetDependency */,
			);
			name = XMYAnimationSimpleUITests;
			productName = XMYAnimationSimpleUITests;
			productReference = 4ADE5D241C2ABD0B002B5D84 /* XMYAnimationSimpleUITests.xctest */;
			productType = "com.apple.product-type.bundle.ui-testing";
		};
/* End PBXNativeTarget section */

/* Begin PBXProject section */
		4ADE5CFD1C2ABD0A002B5D84 /* Project object */ = {
			isa = PBXProject;
			attributes = {
				LastSwiftUpdateCheck = 0710;
				LastUpgradeCheck = 0710;
				ORGANIZATIONNAME = T_yun;
				TargetAttributes = {
					4ADE5D041C2ABD0A002B5D84 = {
						CreatedOnToolsVersion = 7.1;
					};
					4ADE5D181C2ABD0A002B5D84 = {
						CreatedOnToolsVersion = 7.1;
						TestTargetID = 4ADE5D041C2ABD0A002B5D84;
					};
					4ADE5D231C2ABD0B002B5D84 = {
						CreatedOnToolsVersion = 7.1;
						TestTargetID = 4ADE5D041C2ABD0A002B5D84;
					};
				};
			};
			buildConfigurationList = 4ADE5D001C2ABD0A002B5D84 /* Build configuration list for PBXProject "XMYAnimationSimple" */;
			compatibilityVersion = "Xcode 3.2";
			developmentRegion = English;
			hasScannedForEncodings = 0;
			knownRegions = (
				en,
				Base,
			);
			mainGroup = 4ADE5CFC1C2ABD0A002B5D84;
			productRefGroup = 4ADE5D061C2ABD0A002B5D84 /* Products */;
			projectDirPath = "";
			projectRoot = "";
			targets = (
				4ADE5D041C2ABD0A002B5D84 /* XMYAnimationSimple */,
				4ADE5D181C2ABD0A002B5D84 /* XMYAnimationSimpleTests */,
				4ADE5D231C2ABD0B002B5D84 /* XMYAnimationSimpleUITests */,
			);
		};
/* End PBXProject section */

/* Begin PBXResourcesBuildPhase section */
		4ADE5D031C2ABD0A002B5D84 /* Resources */ = {
			isa = PBXResourcesBuildPhase;
			buildActionMask = 2147483647;
			files = (
				4ADE5D131C2ABD0A002B5D84 /* LaunchScreen.storyboard in Resources */,
				4ADE5D101C2ABD0A002B5D84 /* Assets.xcassets in Resources */,
				4ADE5D0E1C2ABD0A002B5D84 /* Main.storyboard in Resources */,
			);
			runOnlyForDeploymentPostprocessing = 0;
		};
		4ADE5D171C2ABD0A002B5D84 /* Resources */ = {
			isa = PBXResourcesBuildPhase;
			buildActionMask = 2147483647;
			files = (
			);
			runOnlyForDeploymentPostprocessing = 0;
		};
		4ADE5D221C2ABD0B002B5D84 /* Resources */ = {
			isa = PBXResourcesBuildPhase;
			buildActionMask = 2147483647;
			files = (
			);
			runOnlyForDeploymentPostprocessing = 0;
		};
/* End PBXResourcesBuildPhase section */

/* Begin PBXSourcesBuildPhase section */
		4ADE5D011C2ABD0A002B5D84 /* Sources */ = {
			isa = PBXSourcesBuildPhase;
			buildActionMask = 2147483647;
			files = (
				4ADE5D371C2ABEAD002B5D84 /* PositionViewController.swift in Sources */,
				4A7616EB1C2D28A7001F7C86 /* ScaleViewController.swift in Sources */,
				4AC3D6521C2D616E005921FD /* EasingViewController.swift in Sources */,
				4AC3D6541C2D670E005921FD /* SpringViewController.swift in Sources */,
				4ADE5D0B1C2ABD0A002B5D84 /* ViewController.swift in Sources */,
				4A51720A1C2C402C00F8C818 /* OpacityViewController.swift in Sources */,
				4A7616EF1C2D2E42001F7C86 /* RotationViewController.swift in Sources */,
				4AC3D6501C2D4226005921FD /* RepeatViewController.swift in Sources */,
				4A7616ED1C2D2C89001F7C86 /* ColorViewController.swift in Sources */,
				4ADE5D091C2ABD0A002B5D84 /* AppDelegate.swift in Sources */,
				4AE2A1481C2E2A9F007A26A2 /* LoginViewController.swift in Sources */,
			);
			runOnlyForDeploymentPostprocessing = 0;
		};
		4ADE5D151C2ABD0A002B5D84 /* Sources */ = {
			isa = PBXSourcesBuildPhase;
			buildActionMask = 2147483647;
			files = (
				4ADE5D1E1C2ABD0B002B5D84 /* XMYAnimationSimpleTests.swift in Sources */,
			);
			runOnlyForDeploymentPostprocessing = 0;
		};
		4ADE5D201C2ABD0B002B5D84 /* Sources */ = {
			isa = PBXSourcesBuildPhase;
			buildActionMask = 2147483647;
			files = (
				4ADE5D291C2ABD0B002B5D84 /* XMYAnimationSimpleUITests.swift in Sources */,
			);
			runOnlyForDeploymentPostprocessing = 0;
		};
/* End PBXSourcesBuildPhase section */

/* Begin PBXTargetDependency section */
		4ADE5D1B1C2ABD0A002B5D84 /* PBXTargetDependency */ = {
			isa = PBXTargetDependency;
			target = 4ADE5D041C2ABD0A002B5D84 /* XMYAnimationSimple */;
			targetProxy = 4ADE5D1A1C2ABD0A002B5D84 /* PBXContainerItemProxy */;
		};
		4ADE5D261C2ABD0B002B5D84 /* PBXTargetDependency */ = {
			isa = PBXTargetDependency;
			target = 4ADE5D041C2ABD0A002B5D84 /* XMYAnimationSimple */;
			targetProxy = 4ADE5D251C2ABD0B002B5D84 /* PBXContainerItemProxy */;
		};
/* End PBXTargetDependency section */

/* Begin PBXVariantGroup section */
		4ADE5D0C1C2ABD0A002B5D84 /* Main.storyboard */ = {
			isa = PBXVariantGroup;
			children = (
				4ADE5D0D1C2ABD0A002B5D84 /* Base */,
			);
			name = Main.storyboard;
			sourceTree = "<group>";
		};
		4ADE5D111C2ABD0A002B5D84 /* LaunchScreen.storyboard */ = {
			isa = PBXVariantGroup;
			children = (
				4ADE5D121C2ABD0A002B5D84 /* Base */,
			);
			name = LaunchScreen.storyboard;
			sourceTree = "<group>";
		};
/* End PBXVariantGroup section */

/* Begin XCBuildConfiguration section */
		4ADE5D2B1C2ABD0B002B5D84 /* Debug */ = {
			isa = XCBuildConfiguration;
			buildSettings = {
				ALWAYS_SEARCH_USER_PATHS = NO;
				CLANG_CXX_LANGUAGE_STANDARD = "gnu++0x";
				CLANG_CXX_LIBRARY = "libc++";
				CLANG_ENABLE_MODULES = YES;
				CLANG_ENABLE_OBJC_ARC = YES;
				CLANG_WARN_BOOL_CONVERSION = YES;
				CLANG_WARN_CONSTANT_CONVERSION = YES;
				CLANG_WARN_DIRECT_OBJC_ISA_USAGE = YES_ERROR;
				CLANG_WARN_EMPTY_BODY = YES;
				CLANG_WARN_ENUM_CONVERSION = YES;
				CLANG_WARN_INT_CONVERSION = YES;
				CLANG_WARN_OBJC_ROOT_CLASS = YES_ERROR;
				CLANG_WARN_UNREACHABLE_CODE = YES;
				CLANG_WARN__DUPLICATE_METHOD_MATCH = YES;
				"CODE_SIGN_IDENTITY[sdk=iphoneos*]" = "iPhone Developer";
				COPY_PHASE_STRIP = NO;
				DEBUG_INFORMATION_FORMAT = dwarf;
				ENABLE_STRICT_OBJC_MSGSEND = YES;
				ENABLE_TESTABILITY = YES;
				GCC_C_LANGUAGE_STANDARD = gnu99;
				GCC_DYNAMIC_NO_PIC = NO;
				GCC_NO_COMMON_BLOCKS = YES;
				GCC_OPTIMIZATION_LEVEL = 0;
				GCC_PREPROCESSOR_DEFINITIONS = (
					"DEBUG=1",
					"$(inherited)",
				);
				GCC_WARN_64_TO_32_BIT_CONVERSION = YES;
				GCC_WARN_ABOUT_RETURN_TYPE = YES_ERROR;
				GCC_WARN_UNDECLARED_SELECTOR = YES;
				GCC_WARN_UNINITIALIZED_AUTOS = YES_AGGRESSIVE;
				GCC_WARN_UNUSED_FUNCTION = YES;
				GCC_WARN_UNUSED_VARIABLE = YES;
				IPHONEOS_DEPLOYMENT_TARGET = 9.1;
				MTL_ENABLE_DEBUG_INFO = YES;
				ONLY_ACTIVE_ARCH = YES;
				SDKROOT = iphoneos;
				SWIFT_OPTIMIZATION_LEVEL = "-Onone";
			};
			name = Debug;
		};
		4ADE5D2C1C2ABD0B002B5D84 /* Release */ = {
			isa = XCBuildConfiguration;
			buildSettings = {
				ALWAYS_SEARCH_USER_PATHS = NO;
				CLANG_CXX_LANGUAGE_STANDARD = "gnu++0x";
				CLANG_CXX_LIBRARY = "libc++";
				CLANG_ENABLE_MODULES = YES;
				CLANG_ENABLE_OBJC_ARC = YES;
				CLANG_WARN_BOOL_CONVERSION = YES;
				CLANG_WARN_CONSTANT_CONVERSION = YES;
				CLANG_WARN_DIRECT_OBJC_ISA_USAGE = YES_ERROR;
				CLANG_WARN_EMPTY_BODY = YES;
				CLANG_WARN_ENUM_CONVERSION = YES;
				CLANG_WARN_INT_CONVERSION = YES;
				CLANG_WARN_OBJC_ROOT_CLASS = YES_ERROR;
				CLANG_WARN_UNREACHABLE_CODE = YES;
				CLANG_WARN__DUPLICATE_METHOD_MATCH = YES;
				"CODE_SIGN_IDENTITY[sdk=iphoneos*]" = "iPhone Developer";
				COPY_PHASE_STRIP = NO;
				DEBUG_INFORMATION_FORMAT = "dwarf-with-dsym";
				ENABLE_NS_ASSERTIONS = NO;
				ENABLE_STRICT_OBJC_MSGSEND = YES;
				GCC_C_LANGUAGE_STANDARD = gnu99;
				GCC_NO_COMMON_BLOCKS = YES;
				GCC_WARN_64_TO_32_BIT_CONVERSION = YES;
				GCC_WARN_ABOUT_RETURN_TYPE = YES_ERROR;
				GCC_WARN_UNDECLARED_SELECTOR = YES;
				GCC_WARN_UNINITIALIZED_AUTOS = YES_AGGRESSIVE;
				GCC_WARN_UNUSED_FUNCTION = YES;
				GCC_WARN_UNUSED_VARIABLE = YES;
				IPHONEOS_DEPLOYMENT_TARGET = 9.1;
				MTL_ENABLE_DEBUG_INFO = NO;
				SDKROOT = iphoneos;
				VALIDATE_PRODUCT = YES;
			};
			name = Release;
		};
		4ADE5D2E1C2ABD0B002B5D84 /* Debug */ = {
			isa = XCBuildConfiguration;
			buildSettings = {
				ASSETCATALOG_COMPILER_APPICON_NAME = AppIcon;
				INFOPLIST_FILE = XMYAnimationSimple/Info.plist;
				LD_RUNPATH_SEARCH_PATHS = "$(inherited) @executable_path/Frameworks";
				PRODUCT_BUNDLE_IDENTIFIER = "xmy-T-yun.com.XMYAnimationSimple";
				PRODUCT_NAME = "$(TARGET_NAME)";
			};
			name = Debug;
		};
		4ADE5D2F1C2ABD0B002B5D84 /* Release */ = {
			isa = XCBuildConfiguration;
			buildSettings = {
				ASSETCATALOG_COMPILER_APPICON_NAME = AppIcon;
				INFOPLIST_FILE = XMYAnimationSimple/Info.plist;
				LD_RUNPATH_SEARCH_PATHS = "$(inherited) @executable_path/Frameworks";
				PRODUCT_BUNDLE_IDENTIFIER = "xmy-T-yun.com.XMYAnimationSimple";
				PRODUCT_NAME = "$(TARGET_NAME)";
			};
			name = Release;
		};
		4ADE5D311C2ABD0B002B5D84 /* Debug */ = {
			isa = XCBuildConfiguration;
			buildSettings = {
				BUNDLE_LOADER = "$(TEST_HOST)";
				INFOPLIST_FILE = XMYAnimationSimpleTests/Info.plist;
				LD_RUNPATH_SEARCH_PATHS = "$(inherited) @executable_path/Frameworks @loader_path/Frameworks";
				PRODUCT_BUNDLE_IDENTIFIER = "xmy-T-yun.com.XMYAnimationSimpleTests";
				PRODUCT_NAME = "$(TARGET_NAME)";
				TEST_HOST = "$(BUILT_PRODUCTS_DIR)/XMYAnimationSimple.app/XMYAnimationSimple";
			};
			name = Debug;
		};
		4ADE5D321C2ABD0B002B5D84 /* Release */ = {
			isa = XCBuildConfiguration;
			buildSettings = {
				BUNDLE_LOADER = "$(TEST_HOST)";
				INFOPLIST_FILE = XMYAnimationSimpleTests/Info.plist;
				LD_RUNPATH_SEARCH_PATHS = "$(inherited) @executable_path/Frameworks @loader_path/Frameworks";
				PRODUCT_BUNDLE_IDENTIFIER = "xmy-T-yun.com.XMYAnimationSimpleTests";
				PRODUCT_NAME = "$(TARGET_NAME)";
				TEST_HOST = "$(BUILT_PRODUCTS_DIR)/XMYAnimationSimple.app/XMYAnimationSimple";
			};
			name = Release;
		};
		4ADE5D341C2ABD0B002B5D84 /* Debug */ = {
			isa = XCBuildConfiguration;
			buildSettings = {
				INFOPLIST_FILE = XMYAnimationSimpleUITests/Info.plist;
				LD_RUNPATH_SEARCH_PATHS = "$(inherited) @executable_path/Frameworks @loader_path/Frameworks";
				PRODUCT_BUNDLE_IDENTIFIER = "xmy-T-yun.com.XMYAnimationSimpleUITests";
				PRODUCT_NAME = "$(TARGET_NAME)";
				TEST_TARGET_NAME = XMYAnimationSimple;
				USES_XCTRUNNER = YES;
			};
			name = Debug;
		};
		4ADE5D351C2ABD0B002B5D84 /* Release */ = {
			isa = XCBuildConfiguration;
			buildSettings = {
				INFOPLIST_FILE = XMYAnimationSimpleUITests/Info.plist;
				LD_RUNPATH_SEARCH_PATHS = "$(inherited) @executable_path/Frameworks @loader_path/Frameworks";
				PRODUCT_BUNDLE_IDENTIFIER = "xmy-T-yun.com.XMYAnimationSimpleUITests";
				PRODUCT_NAME = "$(TARGET_NAME)";
				TEST_TARGET_NAME = XMYAnimationSimple;
				USES_XCTRUNNER = YES;
			};
			name = Release;
		};
/* End XCBuildConfiguration section */

/* Begin XCConfigurationList section */
		4ADE5D001C2ABD0A002B5D84 /* Build configuration list for PBXProject "XMYAnimationSimple" */ = {
			isa = XCConfigurationList;
			buildConfigurations = (
				4ADE5D2B1C2ABD0B002B5D84 /* Debug */,
				4ADE5D2C1C2ABD0B002B5D84 /* Release */,
			);
			defaultConfigurationIsVisible = 0;
			defaultConfigurationName = Release;
		};
		4ADE5D2D1C2ABD0B002B5D84 /* Build configuration list for PBXNativeTarget "XMYAnimationSimple" */ = {
			isa = XCConfigurationList;
			buildConfigurations = (
				4ADE5D2E1C2ABD0B002B5D84 /* Debug */,
				4ADE5D2F1C2ABD0B002B5D84 /* Release */,
			);
			defaultConfigurationIsVisible = 0;
			defaultConfigurationName = Release;
		};
		4ADE5D301C2ABD0B002B5D84 /* Build configuration list for PBXNativeTarget "XMYAnimationSimpleTests" */ = {
			isa = XCConfigurationList;
			buildConfigurations = (
				4ADE5D311C2ABD0B002B5D84 /* Debug */,
				4ADE5D321C2ABD0B002B5D84 /* Release */,
			);
			defaultConfigurationIsVisible = 0;
			defaultConfigurationName = Release;
		};
		4ADE5D331C2ABD0B002B5D84 /* Build configuration list for PBXNativeTarget "XMYAnimationSimpleUITests" */ = {
			isa = XCConfigurationList;
			buildConfigurations = (
				4ADE5D341C2ABD0B002B5D84 /* Debug */,
				4ADE5D351C2ABD0B002B5D84 /* Release */,
			);
			defaultConfigurationIsVisible = 0;
			defaultConfigurationName = Release;
		};
/* End XCConfigurationList section */
	};
	rootObject = 4ADE5CFD1C2ABD0A002B5D84 /* Project object */;
}
